PODS:
  - HanekeSwift (0.10.1)
  - Kingfisher (3.2.4)
  - pop (1.0.9)
  - ReachabilitySwift (3)
  - Toast-Swift (2.0.0)

DEPENDENCIES:
  - HanekeSwift (from `https://github.com/Haneke/HanekeSwift.git`, branch `feature/swift-3`)
  - Kingfisher
  - pop
  - ReachabilitySwift (~> 3)
  - Toast-Swift

EXTERNAL SOURCES:
  HanekeSwift:
    :branch: feature/swift-3
    :git: https://github.com/Haneke/HanekeSwift.git

CHECKOUT OPTIONS:
  HanekeSwift:
    :commit: 1157a124ec699f4ad926cb054f1d0bfce88ae7a9
    :git: https://github.com/Haneke/HanekeSwift.git

SPEC CHECKSUMS:
  HanekeSwift: 4113367892828e7700d24a384027de6ebc79aad1
  Kingfisher: 8d80f39da403cd9c9ee11984e1655f4d6a566cdb
  pop: f667631a5108a2e60d9e8797c9b32ddaf2080bce
  ReachabilitySwift: f5b9bb30a0777fac8f09ce8b067e32faeb29bb64
  Toast-Swift: 5b2f8f720f7e78e48511f693df1f9c9a6e38a25a

PODFILE CHECKSUM: f871b13b0069ab3f7a9cacae1ceab7688f00e891

COCOAPODS: 1.2.0.rc.1
