// !$*UTF8*$!
{
	archiveVersion = 1;
	classes = {
	};
	objectVersion = 46;
	objects = {

/* Begin PBXBuildFile section */
		7193BD8E1CD1BF2500269544 /* GifmeButton.swift in Sources */ = {isa = PBXBuildFile; fileRef = 7193BD8D1CD1BF2500269544 /* GifmeButton.swift */; };
		7193BD901CD1C68400269544 /* GifmeCollectionViewCell.swift in Sources */ = {isa = PBXBuildFile; fileRef = 7193BD8F1CD1C68400269544 /* GifmeCollectionViewCell.swift */; };
		71996D0F1CDF9B5400C93D92 /* Extensions.swift in Sources */ = {isa = PBXBuildFile; fileRef = 71996D0E1CDF9B5400C93D92 /* Extensions.swift */; };
		71B89FE91CCD930400839C06 /* AppDelegate.swift in Sources */ = {isa = PBXBuildFile; fileRef = 71B89FE81CCD930400839C06 /* AppDelegate.swift */; };
		71B89FEE1CCD930400839C06 /* Main.storyboard in Resources */ = {isa = PBXBuildFile; fileRef = 71B89FEC1CCD930400839C06 /* Main.storyboard */; };
		71B89FF01CCD930400839C06 /* Assets.xcassets in Resources */ = {isa = PBXBuildFile; fileRef = 71B89FEF1CCD930400839C06 /* Assets.xcassets */; };
		71B89FF31CCD930400839C06 /* LaunchScreen.storyboard in Resources */ = {isa = PBXBuildFile; fileRef = 71B89FF11CCD930400839C06 /* LaunchScreen.storyboard */; };
		71B89FFE1CCD930500839C06 /* GifmeTests.swift in Sources */ = {isa = PBXBuildFile; fileRef = 71B89FFD1CCD930500839C06 /* GifmeTests.swift */; };
		71B8A0091CCD930500839C06 /* GifmeUITests.swift in Sources */ = {isa = PBXBuildFile; fileRef = 71B8A0081CCD930500839C06 /* GifmeUITests.swift */; };
		71C03A021CDCCC3C005A9EF0 /* GifmeSpringAnimation.swift in Sources */ = {isa = PBXBuildFile; fileRef = 71C03A011CDCCC3C005A9EF0 /* GifmeSpringAnimation.swift */; };
		71CCC7C01CCD9B8100275B28 /* GifmeViewController.swift in Sources */ = {isa = PBXBuildFile; fileRef = 71CCC7BF1CCD9B8100275B28 /* GifmeViewController.swift */; };
		71F39D171CCDBB0000CD934E /* UIImage+Gif.swift in Sources */ = {isa = PBXBuildFile; fileRef = 71F39D161CCDBB0000CD934E /* UIImage+Gif.swift */; };
		71F39D191CCDBD4200CD934E /* GifmeImageViewController.swift in Sources */ = {isa = PBXBuildFile; fileRef = 71F39D181CCDBD4200CD934E /* GifmeImageViewController.swift */; };
		CE6117639B77250AA372689B /* Pods_Gifme.framework in Frameworks */ = {isa = PBXBuildFile; fileRef = 32B21B277922F71DEF4F8C71 /* Pods_Gifme.framework */; };
/* End PBXBuildFile section */

/* Begin PBXContainerItemProxy section */
		71B89FFA1CCD930500839C06 /* PBXContainerItemProxy */ = {
			isa = PBXContainerItemProxy;
			containerPortal = 71B89FDD1CCD930400839C06 /* Project object */;
			proxyType = 1;
			remoteGlobalIDString = 71B89FE41CCD930400839C06;
			remoteInfo = Gifme;
		};
		71B8A0051CCD930500839C06 /* PBXContainerItemProxy */ = {
			isa = PBXContainerItemProxy;
			containerPortal = 71B89FDD1CCD930400839C06 /* Project object */;
			proxyType = 1;
			remoteGlobalIDString = 71B89FE41CCD930400839C06;
			remoteInfo = Gifme;
		};
/* End PBXContainerItemProxy section */

/* Begin PBXFileReference section */
		32B21B277922F71DEF4F8C71 /* Pods_Gifme.framework */ = {isa = PBXFileReference; explicitFileType = wrapper.framework; includeInIndex = 0; path = Pods_Gifme.framework; sourceTree = BUILT_PRODUCTS_DIR; };
		619B9A8A3BD613761DACAFAE /* Pods-Gifme.release.xcconfig */ = {isa = PBXFileReference; includeInIndex = 1; lastKnownFileType = text.xcconfig; name = "Pods-Gifme.release.xcconfig"; path = "Pods/Target Support Files/Pods-Gifme/Pods-Gifme.release.xcconfig"; sourceTree = "<group>"; };
		7193BD8A1CD1833F00269544 /* GifmeBridgingHeader.h */ = {isa = PBXFileReference; lastKnownFileType = sourcecode.c.h; path = GifmeBridgingHeader.h; sourceTree = "<group>"; };
		7193BD8D1CD1BF2500269544 /* GifmeButton.swift */ = {isa = PBXFileReference; fileEncoding = 4; lastKnownFileType = sourcecode.swift; path = GifmeButton.swift; sourceTree = "<group>"; };
		7193BD8F1CD1C68400269544 /* GifmeCollectionViewCell.swift */ = {isa = PBXFileReference; fileEncoding = 4; lastKnownFileType = sourcecode.swift; path = GifmeCollectionViewCell.swift; sourceTree = "<group>"; };
		71996D0E1CDF9B5400C93D92 /* Extensions.swift */ = {isa = PBXFileReference; fileEncoding = 4; lastKnownFileType = sourcecode.swift; path = Extensions.swift; sourceTree = "<group>"; };
		71B89FE51CCD930400839C06 /* Gifme.app */ = {isa = PBXFileReference; explicitFileType = wrapper.application; includeInIndex = 0; path = Gifme.app; sourceTree = BUILT_PRODUCTS_DIR; };
		71B89FE81CCD930400839C06 /* AppDelegate.swift */ = {isa = PBXFileReference; lastKnownFileType = sourcecode.swift; path = AppDelegate.swift; sourceTree = "<group>"; };
		71B89FED1CCD930400839C06 /* Base */ = {isa = PBXFileReference; lastKnownFileType = file.storyboard; name = Base; path = Base.lproj/Main.storyboard; sourceTree = "<group>"; };
		71B89FEF1CCD930400839C06 /* Assets.xcassets */ = {isa = PBXFileReference; lastKnownFileType = folder.assetcatalog; path = Assets.xcassets; sourceTree = "<group>"; };
		71B89FF21CCD930400839C06 /* Base */ = {isa = PBXFileReference; lastKnownFileType = file.storyboard; name = Base; path = Base.lproj/LaunchScreen.storyboard; sourceTree = "<group>"; };
		71B89FF41CCD930400839C06 /* Info.plist */ = {isa = PBXFileReference; lastKnownFileType = text.plist.xml; path = Info.plist; sourceTree = "<group>"; };
		71B89FF91CCD930500839C06 /* GifmeTests.xctest */ = {isa = PBXFileReference; explicitFileType = wrapper.cfbundle; includeInIndex = 0; path = GifmeTests.xctest; sourceTree = BUILT_PRODUCTS_DIR; };
		71B89FFD1CCD930500839C06 /* GifmeTests.swift */ = {isa = PBXFileReference; lastKnownFileType = sourcecode.swift; path = GifmeTests.swift; sourceTree = "<group>"; };
		71B89FFF1CCD930500839C06 /* Info.plist */ = {isa = PBXFileReference; lastKnownFileType = text.plist.xml; path = Info.plist; sourceTree = "<group>"; };
		71B8A0041CCD930500839C06 /* GifmeUITests.xctest */ = {isa = PBXFileReference; explicitFileType = wrapper.cfbundle; includeInIndex = 0; path = GifmeUITests.xctest; sourceTree = BUILT_PRODUCTS_DIR; };
		71B8A0081CCD930500839C06 /* GifmeUITests.swift */ = {isa = PBXFileReference; lastKnownFileType = sourcecode.swift; path = GifmeUITests.swift; sourceTree = "<group>"; };
		71B8A00A1CCD930500839C06 /* Info.plist */ = {isa = PBXFileReference; lastKnownFileType = text.plist.xml; path = Info.plist; sourceTree = "<group>"; };
		71C03A011CDCCC3C005A9EF0 /* GifmeSpringAnimation.swift */ = {isa = PBXFileReference; fileEncoding = 4; lastKnownFileType = sourcecode.swift; path = GifmeSpringAnimation.swift; sourceTree = "<group>"; };
		71CCC7BF1CCD9B8100275B28 /* GifmeViewController.swift */ = {isa = PBXFileReference; fileEncoding = 4; lastKnownFileType = sourcecode.swift; path = GifmeViewController.swift; sourceTree = "<group>"; };
		71F39D161CCDBB0000CD934E /* UIImage+Gif.swift */ = {isa = PBXFileReference; fileEncoding = 4; lastKnownFileType = sourcecode.swift; path = "UIImage+Gif.swift"; sourceTree = "<group>"; };
		71F39D181CCDBD4200CD934E /* GifmeImageViewController.swift */ = {isa = PBXFileReference; fileEncoding = 4; lastKnownFileType = sourcecode.swift; path = GifmeImageViewController.swift; sourceTree = "<group>"; };
		8924A1FC0880DDA686EEEF37 /* Pods-Gifme.debug.xcconfig */ = {isa = PBXFileReference; includeInIndex = 1; lastKnownFileType = text.xcconfig; name = "Pods-Gifme.debug.xcconfig"; path = "Pods/Target Support Files/Pods-Gifme/Pods-Gifme.debug.xcconfig"; sourceTree = "<group>"; };
		8FF070E3E991D784BDC86E26 /* Pods.framework */ = {isa = PBXFileReference; explicitFileType = wrapper.framework; includeInIndex = 0; path = Pods.framework; sourceTree = BUILT_PRODUCTS_DIR; };
/* End PBXFileReference section */

/* Begin PBXFrameworksBuildPhase section */
		71B89FE21CCD930400839C06 /* Frameworks */ = {
			isa = PBXFrameworksBuildPhase;
			buildActionMask = 2147483647;
			files = (
				CE6117639B77250AA372689B /* Pods_Gifme.framework in Frameworks */,
			);
			runOnlyForDeploymentPostprocessing = 0;
		};
		71B89FF61CCD930500839C06 /* Frameworks */ = {
			isa = PBXFrameworksBuildPhase;
			buildActionMask = 2147483647;
			files = (
			);
			runOnlyForDeploymentPostprocessing = 0;
		};
		71B8A0011CCD930500839C06 /* Frameworks */ = {
			isa = PBXFrameworksBuildPhase;
			buildActionMask = 2147483647;
			files = (
			);
			runOnlyForDeploymentPostprocessing = 0;
		};
/* End PBXFrameworksBuildPhase section */

/* Begin PBXGroup section */
		6724A45BE3C4F643BE42BCF4 /* Frameworks */ = {
			isa = PBXGroup;
			children = (
				8FF070E3E991D784BDC86E26 /* Pods.framework */,
				32B21B277922F71DEF4F8C71 /* Pods_Gifme.framework */,
			);
			name = Frameworks;
			sourceTree = "<group>";
		};
		6FEF91A74F9B030C58C0CBDA /* Pods */ = {
			isa = PBXGroup;
			children = (
				8924A1FC0880DDA686EEEF37 /* Pods-Gifme.debug.xcconfig */,
				619B9A8A3BD613761DACAFAE /* Pods-Gifme.release.xcconfig */,
			);
			name = Pods;
			sourceTree = "<group>";
		};
		71B89FDC1CCD930400839C06 = {
			isa = PBXGroup;
			children = (
				71B89FE71CCD930400839C06 /* Gifme */,
				71B89FFC1CCD930500839C06 /* GifmeTests */,
				71B8A0071CCD930500839C06 /* GifmeUITests */,
				71B89FE61CCD930400839C06 /* Products */,
				6724A45BE3C4F643BE42BCF4 /* Frameworks */,
				6FEF91A74F9B030C58C0CBDA /* Pods */,
			);
			sourceTree = "<group>";
		};
		71B89FE61CCD930400839C06 /* Products */ = {
			isa = PBXGroup;
			children = (
				71B89FE51CCD930400839C06 /* Gifme.app */,
				71B89FF91CCD930500839C06 /* GifmeTests.xctest */,
				71B8A0041CCD930500839C06 /* GifmeUITests.xctest */,
			);
			name = Products;
			sourceTree = "<group>";
		};
		71B89FE71CCD930400839C06 /* Gifme */ = {
			isa = PBXGroup;
			children = (
				71B89FE81CCD930400839C06 /* AppDelegate.swift */,
				7193BD8A1CD1833F00269544 /* GifmeBridgingHeader.h */,
				71B89FEC1CCD930400839C06 /* Main.storyboard */,
				71F39D181CCDBD4200CD934E /* GifmeImageViewController.swift */,
				71996D0E1CDF9B5400C93D92 /* Extensions.swift */,
				71C03A011CDCCC3C005A9EF0 /* GifmeSpringAnimation.swift */,
				7193BD8D1CD1BF2500269544 /* GifmeButton.swift */,
				71B89FEF1CCD930400839C06 /* Assets.xcassets */,
				71B89FF11CCD930400839C06 /* LaunchScreen.storyboard */,
				71B89FF41CCD930400839C06 /* Info.plist */,
				71CCC7BF1CCD9B8100275B28 /* GifmeViewController.swift */,
				7193BD8F1CD1C68400269544 /* GifmeCollectionViewCell.swift */,
				71F39D161CCDBB0000CD934E /* UIImage+Gif.swift */,
			);
			path = Gifme;
			sourceTree = "<group>";
		};
		71B89FFC1CCD930500839C06 /* GifmeTests */ = {
			isa = PBXGroup;
			children = (
				71B89FFD1CCD930500839C06 /* GifmeTests.swift */,
				71B89FFF1CCD930500839C06 /* Info.plist */,
			);
			path = GifmeTests;
			sourceTree = "<group>";
		};
		71B8A0071CCD930500839C06 /* GifmeUITests */ = {
			isa = PBXGroup;
			children = (
				71B8A0081CCD930500839C06 /* GifmeUITests.swift */,
				71B8A00A1CCD930500839C06 /* Info.plist */,
			);
			path = GifmeUITests;
			sourceTree = "<group>";
		};
/* End PBXGroup section */

/* Begin PBXNativeTarget section */
		71B89FE41CCD930400839C06 /* Gifme */ = {
			isa = PBXNativeTarget;
			buildConfigurationList = 71B8A00D1CCD930500839C06 /* Build configuration list for PBXNativeTarget "Gifme" */;
			buildPhases = (
				7B7B7F27CDA97ABF63B2680A /* [CP] Check Pods Manifest.lock */,
				71B89FE11CCD930400839C06 /* Sources */,
				71B89FE21CCD930400839C06 /* Frameworks */,
				71B89FE31CCD930400839C06 /* Resources */,
				4DDAE36BFF4AC918ECBEFA9E /* [CP] Embed Pods Frameworks */,
				5FA222D7877A3EC318520461 /* [CP] Copy Pods Resources */,
			);
			buildRules = (
			);
			dependencies = (
			);
			name = Gifme;
			productName = Gifme;
			productReference = 71B89FE51CCD930400839C06 /* Gifme.app */;
			productType = "com.apple.product-type.application";
		};
		71B89FF81CCD930500839C06 /* GifmeTests */ = {
			isa = PBXNativeTarget;
			buildConfigurationList = 71B8A0101CCD930500839C06 /* Build configuration list for PBXNativeTarget "GifmeTests" */;
			buildPhases = (
				71B89FF51CCD930500839C06 /* Sources */,
				71B89FF61CCD930500839C06 /* Frameworks */,
				71B89FF71CCD930500839C06 /* Resources */,
			);
			buildRules = (
			);
			dependencies = (
				71B89FFB1CCD930500839C06 /* PBXTargetDependency */,
			);
			name = GifmeTests;
			productName = GifmeTests;
			productReference = 71B89FF91CCD930500839C06 /* GifmeTests.xctest */;
			productType = "com.apple.product-type.bundle.unit-test";
		};
		71B8A0031CCD930500839C06 /* GifmeUITests */ = {
			isa = PBXNativeTarget;
			buildConfigurationList = 71B8A0131CCD930500839C06 /* Build configuration list for PBXNativeTarget "GifmeUITests" */;
			buildPhases = (
				71B8A0001CCD930500839C06 /* Sources */,
				71B8A0011CCD930500839C06 /* Frameworks */,
				71B8A0021CCD930500839C06 /* Resources */,
			);
			buildRules = (
			);
			dependencies = (
				71B8A0061CCD930500839C06 /* PBXTargetDependency */,
			);
			name = GifmeUITests;
			productName = GifmeUITests;
			productReference = 71B8A0041CCD930500839C06 /* GifmeUITests.xctest */;
			productType = "com.apple.product-type.bundle.ui-testing";
		};
/* End PBXNativeTarget section */

/* Begin PBXProject section */
		71B89FDD1CCD930400839C06 /* Project object */ = {
			isa = PBXProject;
			attributes = {
				LastSwiftUpdateCheck = 0730;
				LastUpgradeCheck = 0730;
				ORGANIZATIONNAME = "Daniel Eden";
				TargetAttributes = {
					71B89FE41CCD930400839C06 = {
						CreatedOnToolsVersion = 7.3;
						DevelopmentTeam = YC249PY26F;
						LastSwiftMigration = 0820;
					};
					71B89FF81CCD930500839C06 = {
						CreatedOnToolsVersion = 7.3;
						LastSwiftMigration = 0820;
						TestTargetID = 71B89FE41CCD930400839C06;
					};
					71B8A0031CCD930500839C06 = {
						CreatedOnToolsVersion = 7.3;
						LastSwiftMigration = 0820;
						TestTargetID = 71B89FE41CCD930400839C06;
					};
				};
			};
			buildConfigurationList = 71B89FE01CCD930400839C06 /* Build configuration list for PBXProject "Gifme" */;
			compatibilityVersion = "Xcode 3.2";
			developmentRegion = English;
			hasScannedForEncodings = 0;
			knownRegions = (
				en,
				Base,
			);
			mainGroup = 71B89FDC1CCD930400839C06;
			productRefGroup = 71B89FE61CCD930400839C06 /* Products */;
			projectDirPath = "";
			projectRoot = "";
			targets = (
				71B89FE41CCD930400839C06 /* Gifme */,
				71B89FF81CCD930500839C06 /* GifmeTests */,
				71B8A0031CCD930500839C06 /* GifmeUITests */,
			);
		};
/* End PBXProject section */

/* Begin PBXResourcesBuildPhase section */
		71B89FE31CCD930400839C06 /* Resources */ = {
			isa = PBXResourcesBuildPhase;
			buildActionMask = 2147483647;
			files = (
				71B89FF31CCD930400839C06 /* LaunchScreen.storyboard in Resources */,
				71B89FF01CCD930400839C06 /* Assets.xcassets in Resources */,
				71B89FEE1CCD930400839C06 /* Main.storyboard in Resources */,
			);
			runOnlyForDeploymentPostprocessing = 0;
		};
		71B89FF71CCD930500839C06 /* Resources */ = {
			isa = PBXResourcesBuildPhase;
			buildActionMask = 2147483647;
			files = (
			);
			runOnlyForDeploymentPostprocessing = 0;
		};
		71B8A0021CCD930500839C06 /* Resources */ = {
			isa = PBXResourcesBuildPhase;
			buildActionMask = 2147483647;
			files = (
			);
			runOnlyForDeploymentPostprocessing = 0;
		};
/* End PBXResourcesBuildPhase section */

/* Begin PBXShellScriptBuildPhase section */
		4DDAE36BFF4AC918ECBEFA9E /* [CP] Embed Pods Frameworks */ = {
			isa = PBXShellScriptBuildPhase;
			buildActionMask = 2147483647;
			files = (
			);
			inputPaths = (
			);
			name = "[CP] Embed Pods Frameworks";
			outputPaths = (
			);
			runOnlyForDeploymentPostprocessing = 0;
			shellPath = /bin/sh;
			shellScript = "\"${SRCROOT}/Pods/Target Support Files/Pods-Gifme/Pods-Gifme-frameworks.sh\"\n";
			showEnvVarsInLog = 0;
		};
		5FA222D7877A3EC318520461 /* [CP] Copy Pods Resources */ = {
			isa = PBXShellScriptBuildPhase;
			buildActionMask = 2147483647;
			files = (
			);
			inputPaths = (
			);
			name = "[CP] Copy Pods Resources";
			outputPaths = (
			);
			runOnlyForDeploymentPostprocessing = 0;
			shellPath = /bin/sh;
			shellScript = "\"${SRCROOT}/Pods/Target Support Files/Pods-Gifme/Pods-Gifme-resources.sh\"\n";
			showEnvVarsInLog = 0;
		};
		7B7B7F27CDA97ABF63B2680A /* [CP] Check Pods Manifest.lock */ = {
			isa = PBXShellScriptBuildPhase;
			buildActionMask = 2147483647;
			files = (
			);
			inputPaths = (
			);
			name = "[CP] Check Pods Manifest.lock";
			outputPaths = (
			);
			runOnlyForDeploymentPostprocessing = 0;
			shellPath = /bin/sh;
			shellScript = "diff \"${PODS_ROOT}/../Podfile.lock\" \"${PODS_ROOT}/Manifest.lock\" > /dev/null\nif [ $? != 0 ] ; then\n    # print error to STDERR\n    echo \"error: The sandbox is not in sync with the Podfile.lock. Run 'pod install' or update your CocoaPods installation.\" >&2\n    exit 1\nfi\n";
			showEnvVarsInLog = 0;
		};
/* End PBXShellScriptBuildPhase section */

/* Begin PBXSourcesBuildPhase section */
		71B89FE11CCD930400839C06 /* Sources */ = {
			isa = PBXSourcesBuildPhase;
			buildActionMask = 2147483647;
			files = (
				71996D0F1CDF9B5400C93D92 /* Extensions.swift in Sources */,
				7193BD901CD1C68400269544 /* GifmeCollectionViewCell.swift in Sources */,
				71F39D171CCDBB0000CD934E /* UIImage+Gif.swift in Sources */,
				71C03A021CDCCC3C005A9EF0 /* GifmeSpringAnimation.swift in Sources */,
				71B89FE91CCD930400839C06 /* AppDelegate.swift in Sources */,
				71CCC7C01CCD9B8100275B28 /* GifmeViewController.swift in Sources */,
				7193BD8E1CD1BF2500269544 /* GifmeButton.swift in Sources */,
				71F39D191CCDBD4200CD934E /* GifmeImageViewController.swift in Sources */,
			);
			runOnlyForDeploymentPostprocessing = 0;
		};
		71B89FF51CCD930500839C06 /* Sources */ = {
			isa = PBXSourcesBuildPhase;
			buildActionMask = 2147483647;
			files = (
				71B89FFE1CCD930500839C06 /* GifmeTests.swift in Sources */,
			);
			runOnlyForDeploymentPostprocessing = 0;
		};
		71B8A0001CCD930500839C06 /* Sources */ = {
			isa = PBXSourcesBuildPhase;
			buildActionMask = 2147483647;
			files = (
				71B8A0091CCD930500839C06 /* GifmeUITests.swift in Sources */,
			);
			runOnlyForDeploymentPostprocessing = 0;
		};
/* End PBXSourcesBuildPhase section */

/* Begin PBXTargetDependency section */
		71B89FFB1CCD930500839C06 /* PBXTargetDependency */ = {
			isa = PBXTargetDependency;
			target = 71B89FE41CCD930400839C06 /* Gifme */;
			targetProxy = 71B89FFA1CCD930500839C06 /* PBXContainerItemProxy */;
		};
		71B8A0061CCD930500839C06 /* PBXTargetDependency */ = {
			isa = PBXTargetDependency;
			target = 71B89FE41CCD930400839C06 /* Gifme */;
			targetProxy = 71B8A0051CCD930500839C06 /* PBXContainerItemProxy */;
		};
/* End PBXTargetDependency section */

/* Begin PBXVariantGroup section */
		71B89FEC1CCD930400839C06 /* Main.storyboard */ = {
			isa = PBXVariantGroup;
			children = (
				71B89FED1CCD930400839C06 /* Base */,
			);
			name = Main.storyboard;
			sourceTree = "<group>";
		};
		71B89FF11CCD930400839C06 /* LaunchScreen.storyboard */ = {
			isa = PBXVariantGroup;
			children = (
				71B89FF21CCD930400839C06 /* Base */,
			);
			name = LaunchScreen.storyboard;
			sourceTree = "<group>";
		};
/* End PBXVariantGroup section */

/* Begin XCBuildConfiguration section */
		71B8A00B1CCD930500839C06 /* Debug */ = {
			isa = XCBuildConfiguration;
			buildSettings = {
				ALWAYS_SEARCH_USER_PATHS = NO;
				CLANG_ANALYZER_NONNULL = YES;
				CLANG_CXX_LANGUAGE_STANDARD = "gnu++0x";
				CLANG_CXX_LIBRARY = "libc++";
				CLANG_ENABLE_MODULES = YES;
				CLANG_ENABLE_OBJC_ARC = YES;
				CLANG_WARN_BOOL_CONVERSION = YES;
				CLANG_WARN_CONSTANT_CONVERSION = YES;
				CLANG_WARN_DIRECT_OBJC_ISA_USAGE = YES_ERROR;
				CLANG_WARN_EMPTY_BODY = YES;
				CLANG_WARN_ENUM_CONVERSION = YES;
				CLANG_WARN_INT_CONVERSION = YES;
				CLANG_WARN_OBJC_ROOT_CLASS = YES_ERROR;
				CLANG_WARN_UNREACHABLE_CODE = YES;
				CLANG_WARN__DUPLICATE_METHOD_MATCH = YES;
				"CODE_SIGN_IDENTITY[sdk=iphoneos*]" = "iPhone Developer";
				COPY_PHASE_STRIP = NO;
				DEBUG_INFORMATION_FORMAT = dwarf;
				ENABLE_STRICT_OBJC_MSGSEND = YES;
				ENABLE_TESTABILITY = YES;
				GCC_C_LANGUAGE_STANDARD = gnu99;
				GCC_DYNAMIC_NO_PIC = NO;
				GCC_NO_COMMON_BLOCKS = YES;
				GCC_OPTIMIZATION_LEVEL = 0;
				GCC_PREPROCESSOR_DEFINITIONS = (
					"DEBUG=1",
					"$(inherited)",
				);
				GCC_WARN_64_TO_32_BIT_CONVERSION = YES;
				GCC_WARN_ABOUT_RETURN_TYPE = YES_ERROR;
				GCC_WARN_UNDECLARED_SELECTOR = YES;
				GCC_WARN_UNINITIALIZED_AUTOS = YES_AGGRESSIVE;
				GCC_WARN_UNUSED_FUNCTION = YES;
				GCC_WARN_UNUSED_VARIABLE = YES;
				IPHONEOS_DEPLOYMENT_TARGET = 9.3;
				MTL_ENABLE_DEBUG_INFO = YES;
				ONLY_ACTIVE_ARCH = YES;
				SDKROOT = iphoneos;
				SWIFT_OPTIMIZATION_LEVEL = "-Onone";
				TARGETED_DEVICE_FAMILY = "1,2";
			};
			name = Debug;
		};
		71B8A00C1CCD930500839C06 /* Release */ = {
			isa = XCBuildConfiguration;
			buildSettings = {
				ALWAYS_SEARCH_USER_PATHS = NO;
				CLANG_ANALYZER_NONNULL = YES;
				CLANG_CXX_LANGUAGE_STANDARD = "gnu++0x";
				CLANG_CXX_LIBRARY = "libc++";
				CLANG_ENABLE_MODULES = YES;
				CLANG_ENABLE_OBJC_ARC = YES;
				CLANG_WARN_BOOL_CONVERSION = YES;
				CLANG_WARN_CONSTANT_CONVERSION = YES;
				CLANG_WARN_DIRECT_OBJC_ISA_USAGE = YES_ERROR;
				CLANG_WARN_EMPTY_BODY = YES;
				CLANG_WARN_ENUM_CONVERSION = YES;
				CLANG_WARN_INT_CONVERSION = YES;
				CLANG_WARN_OBJC_ROOT_CLASS = YES_ERROR;
				CLANG_WARN_UNREACHABLE_CODE = YES;
				CLANG_WARN__DUPLICATE_METHOD_MATCH = YES;
				"CODE_SIGN_IDENTITY[sdk=iphoneos*]" = "iPhone Developer";
				COPY_PHASE_STRIP = NO;
				DEBUG_INFORMATION_FORMAT = "dwarf-with-dsym";
				ENABLE_NS_ASSERTIONS = NO;
				ENABLE_STRICT_OBJC_MSGSEND = YES;
				GCC_C_LANGUAGE_STANDARD = gnu99;
				GCC_NO_COMMON_BLOCKS = YES;
				GCC_WARN_64_TO_32_BIT_CONVERSION = YES;
				GCC_WARN_ABOUT_RETURN_TYPE = YES_ERROR;
				GCC_WARN_UNDECLARED_SELECTOR = YES;
				GCC_WARN_UNINITIALIZED_AUTOS = YES_AGGRESSIVE;
				GCC_WARN_UNUSED_FUNCTION = YES;
				GCC_WARN_UNUSED_VARIABLE = YES;
				IPHONEOS_DEPLOYMENT_TARGET = 9.3;
				MTL_ENABLE_DEBUG_INFO = NO;
				SDKROOT = iphoneos;
				TARGETED_DEVICE_FAMILY = "1,2";
				VALIDATE_PRODUCT = YES;
			};
			name = Release;
		};
		71B8A00E1CCD930500839C06 /* Debug */ = {
			isa = XCBuildConfiguration;
			baseConfigurationReference = 8924A1FC0880DDA686EEEF37 /* Pods-Gifme.debug.xcconfig */;
			buildSettings = {
				ASSETCATALOG_COMPILER_APPICON_NAME = AppIcon;
				DEVELOPMENT_TEAM = YC249PY26F;
				ENABLE_BITCODE = YES;
				INFOPLIST_FILE = Gifme/Info.plist;
				LD_RUNPATH_SEARCH_PATHS = "$(inherited) @executable_path/Frameworks";
				PRODUCT_BUNDLE_IDENTIFIER = me.daneden.Gifme;
				PRODUCT_NAME = "$(TARGET_NAME)";
				"SWIFT_OBJC_BRIDGING_HEADER[arch=*]" = Gifme/GifmeBridgingHeader.h;
				SWIFT_VERSION = 3.0;
				TARGETED_DEVICE_FAMILY = 1;
			};
			name = Debug;
		};
		71B8A00F1CCD930500839C06 /* Release */ = {
			isa = XCBuildConfiguration;
			baseConfigurationReference = 619B9A8A3BD613761DACAFAE /* Pods-Gifme.release.xcconfig */;
			buildSettings = {
				ASSETCATALOG_COMPILER_APPICON_NAME = AppIcon;
				DEVELOPMENT_TEAM = YC249PY26F;
				ENABLE_BITCODE = YES;
				INFOPLIST_FILE = Gifme/Info.plist;
				LD_RUNPATH_SEARCH_PATHS = "$(inherited) @executable_path/Frameworks";
				PRODUCT_BUNDLE_IDENTIFIER = me.daneden.Gifme;
				PRODUCT_NAME = "$(TARGET_NAME)";
				"SWIFT_OBJC_BRIDGING_HEADER[arch=*]" = Gifme/GifmeBridgingHeader.h;
				SWIFT_VERSION = 3.0;
				TARGETED_DEVICE_FAMILY = 1;
			};
			name = Release;
		};
		71B8A0111CCD930500839C06 /* Debug */ = {
			isa = XCBuildConfiguration;
			buildSettings = {
				BUNDLE_LOADER = "$(TEST_HOST)";
				INFOPLIST_FILE = GifmeTests/Info.plist;
				LD_RUNPATH_SEARCH_PATHS = "$(inherited) @executable_path/Frameworks @loader_path/Frameworks";
				PRODUCT_BUNDLE_IDENTIFIER = me.daneden.GifmeTests;
				PRODUCT_NAME = "$(TARGET_NAME)";
				SWIFT_VERSION = 3.0;
				TEST_HOST = "$(BUILT_PRODUCTS_DIR)/Gifme.app/Gifme";
			};
			name = Debug;
		};
		71B8A0121CCD930500839C06 /* Release */ = {
			isa = XCBuildConfiguration;
			buildSettings = {
				BUNDLE_LOADER = "$(TEST_HOST)";
				INFOPLIST_FILE = GifmeTests/Info.plist;
				LD_RUNPATH_SEARCH_PATHS = "$(inherited) @executable_path/Frameworks @loader_path/Frameworks";
				PRODUCT_BUNDLE_IDENTIFIER = me.daneden.GifmeTests;
				PRODUCT_NAME = "$(TARGET_NAME)";
				SWIFT_VERSION = 3.0;
				TEST_HOST = "$(BUILT_PRODUCTS_DIR)/Gifme.app/Gifme";
			};
			name = Release;
		};
		71B8A0141CCD930500839C06 /* Debug */ = {
			isa = XCBuildConfiguration;
			buildSettings = {
				INFOPLIST_FILE = GifmeUITests/Info.plist;
				LD_RUNPATH_SEARCH_PATHS = "$(inherited) @executable_path/Frameworks @loader_path/Frameworks";
				PRODUCT_BUNDLE_IDENTIFIER = me.daneden.GifmeUITests;
				PRODUCT_NAME = "$(TARGET_NAME)";
				SWIFT_VERSION = 3.0;
				TEST_TARGET_NAME = Gifme;
			};
			name = Debug;
		};
		71B8A0151CCD930500839C06 /* Release */ = {
			isa = XCBuildConfiguration;
			buildSettings = {
				INFOPLIST_FILE = GifmeUITests/Info.plist;
				LD_RUNPATH_SEARCH_PATHS = "$(inherited) @executable_path/Frameworks @loader_path/Frameworks";
				PRODUCT_BUNDLE_IDENTIFIER = me.daneden.GifmeUITests;
				PRODUCT_NAME = "$(TARGET_NAME)";
				SWIFT_VERSION = 3.0;
				TEST_TARGET_NAME = Gifme;
			};
			name = Release;
		};
/* End XCBuildConfiguration section */

/* Begin XCConfigurationList section */
		71B89FE01CCD930400839C06 /* Build configuration list for PBXProject "Gifme" */ = {
			isa = XCConfigurationList;
			buildConfigurations = (
				71B8A00B1CCD930500839C06 /* Debug */,
				71B8A00C1CCD930500839C06 /* Release */,
			);
			defaultConfigurationIsVisible = 0;
			defaultConfigurationName = Release;
		};
		71B8A00D1CCD930500839C06 /* Build configuration list for PBXNativeTarget "Gifme" */ = {
			isa = XCConfigurationList;
			buildConfigurations = (
				71B8A00E1CCD930500839C06 /* Debug */,
				71B8A00F1CCD930500839C06 /* Release */,
			);
			defaultConfigurationIsVisible = 0;
			defaultConfigurationName = Release;
		};
		71B8A0101CCD930500839C06 /* Build configuration list for PBXNativeTarget "GifmeTests" */ = {
			isa = XCConfigurationList;
			buildConfigurations = (
				71B8A0111CCD930500839C06 /* Debug */,
				71B8A0121CCD930500839C06 /* Release */,
			);
			defaultConfigurationIsVisible = 0;
			defaultConfigurationName = Release;
		};
		71B8A0131CCD930500839C06 /* Build configuration list for PBXNativeTarget "GifmeUITests" */ = {
			isa = XCConfigurationList;
			buildConfigurations = (
				71B8A0141CCD930500839C06 /* Debug */,
				71B8A0151CCD930500839C06 /* Release */,
			);
			defaultConfigurationIsVisible = 0;
			defaultConfigurationName = Release;
		};
/* End XCConfigurationList section */
	};
	rootObject = 71B89FDD1CCD930400839C06 /* Project object */;
}
